
Microsoft Visual Studio Solution File, Format Version 12.00
# Visual Studio Version 17
VisualStudioVersion = 17.10.35013.160
MinimumVisualStudioVersion = 10.0.40219.1
Project("{9A19103F-16F7-4668-BE54-9A1E7A4F7556}") = "Customer-Service.Domain", "Customer-Service.Domain\Customer-Service.Domain.csproj", "{9A10EB44-2166-4BD5-81FA-4D619F29C184}"
EndProject
Project("{9A19103F-16F7-4668-BE54-9A1E7A4F7556}") = "Customer-Service.Application", "Customer-Service.Application\Customer-Service.Application.csproj", "{9A81A362-D242-4498-AFF4-2D2FEDD323BF}"
EndProject
Project("{9A19103F-16F7-4668-BE54-9A1E7A4F7556}") = "Customer-Service.Infrastructure", "Customer-Service.Infrastructure\Customer-Service.Infrastructure.csproj", "{F4B11B8F-8B12-4748-8EBF-5DBEBECAF9A8}"
EndProject
Project("{9A19103F-16F7-4668-BE54-9A1E7A4F7556}") = "Customer-Service.API", "Customer-Service.API\Customer-Service.API.csproj", "{D7555918-5AD6-4C68-B0F3-BF6997030476}"
EndProject
Global
	GlobalSection(SolutionConfigurationPlatforms) = preSolution
		Debug|Any CPU = Debug|Any CPU
		Release|Any CPU = Release|Any CPU
	EndGlobalSection
	GlobalSection(ProjectConfigurationPlatforms) = postSolution
		{9A10EB44-2166-4BD5-81FA-4D619F29C184}.Debug|Any CPU.ActiveCfg = Debug|Any CPU
		{9A10EB44-2166-4BD5-81FA-4D619F29C184}.Debug|Any CPU.Build.0 = Debug|Any CPU
		{9A10EB44-2166-4BD5-81FA-4D619F29C184}.Release|Any CPU.ActiveCfg = Release|Any CPU
		{9A10EB44-2166-4BD5-81FA-4D619F29C184}.Release|Any CPU.Build.0 = Release|Any CPU
		{9A81A362-D242-4498-AFF4-2D2FEDD323BF}.Debug|Any CPU.ActiveCfg = Debug|Any CPU
		{9A81A362-D242-4498-AFF4-2D2FEDD323BF}.Debug|Any CPU.Build.0 = Debug|Any CPU
		{9A81A362-D242-4498-AFF4-2D2FEDD323BF}.Release|Any CPU.ActiveCfg = Release|Any CPU
		{9A81A362-D242-4498-AFF4-2D2FEDD323BF}.Release|Any CPU.Build.0 = Release|Any CPU
		{F4B11B8F-8B12-4748-8EBF-5DBEBECAF9A8}.Debug|Any CPU.ActiveCfg = Debug|Any CPU
		{F4B11B8F-8B12-4748-8EBF-5DBEBECAF9A8}.Debug|Any CPU.Build.0 = Debug|Any CPU
		{F4B11B8F-8B12-4748-8EBF-5DBEBECAF9A8}.Release|Any CPU.ActiveCfg = Release|Any CPU
		{F4B11B8F-8B12-4748-8EBF-5DBEBECAF9A8}.Release|Any CPU.Build.0 = Release|Any CPU
		{D7555918-5AD6-4C68-B0F3-BF6997030476}.Debug|Any CPU.ActiveCfg = Debug|Any CPU
		{D7555918-5AD6-4C68-B0F3-BF6997030476}.Debug|Any CPU.Build.0 = Debug|Any CPU
		{D7555918-5AD6-4C68-B0F3-BF6997030476}.Release|Any CPU.ActiveCfg = Release|Any CPU
		{D7555918-5AD6-4C68-B0F3-BF6997030476}.Release|Any CPU.Build.0 = Release|Any CPU
	EndGlobalSection
	GlobalSection(SolutionProperties) = preSolution
		HideSolutionNode = FALSE
	EndGlobalSection
	GlobalSection(ExtensibilityGlobals) = postSolution
		SolutionGuid = {955EEC29-3798-4A8C-8637-92D190E93977}
	EndGlobalSection
EndGlobal
